
Microsoft Visual Studio Solution File, Format Version 12.00
# Visual Studio Version 17
VisualStudioVersion = 17.6.33815.320
MinimumVisualStudioVersion = 10.0.40219.1
Project("{FAE04EC0-301F-11D3-BF4B-00C04F79EFBC}") = "Pars2012GUI", "Pars2012GUI\Pars2012GUI.csproj", "{62089788-437C-4F59-BC4A-5DB230894344}"
EndProject
Global
	GlobalSection(SolutionConfigurationPlatforms) = preSolution
		Debug|Any CPU = Debug|Any CPU
		Release|Any CPU = Release|Any CPU
	EndGlobalSection
	GlobalSection(ProjectConfigurationPlatforms) = postSolution
		{62089788-437C-4F59-BC4A-5DB230894344}.Debug|Any CPU.ActiveCfg = Debug|Any CPU
		{62089788-437C-4F59-BC4A-5DB230894344}.Debug|Any CPU.Build.0 = Debug|Any CPU
		{62089788-437C-4F59-BC4A-5DB230894344}.Release|Any CPU.ActiveCfg = Release|Any CPU
		{62089788-437C-4F59-BC4A-5DB230894344}.Release|Any CPU.Build.0 = Release|Any CPU
	EndGlobalSection
	GlobalSection(SolutionProperties) = preSolution
		HideSolutionNode = FALSE
	EndGlobalSection
	GlobalSection(ExtensibilityGlobals) = postSolution
		SolutionGuid = {D84DA5BD-4DC9-41B7-B8DC-B098F07D5147}
	EndGlobalSection
EndGlobal
